// !$*UTF8*$!
{
	archiveVersion = 1;
	classes = {
	};
	objectVersion = 50;
	objects = {

/* Begin PBXBuildFile section */
		0E2DB176256FED9100FC934C /* AppDelegate.swift in Sources */ = {isa = PBXBuildFile; fileRef = 0E2DB175256FED9100FC934C /* AppDelegate.swift */; };
		0E2DB178256FED9100FC934C /* SceneDelegate.swift in Sources */ = {isa = PBXBuildFile; fileRef = 0E2DB177256FED9100FC934C /* SceneDelegate.swift */; };
		0E2DB17A256FED9100FC934C /* ViewController.swift in Sources */ = {isa = PBXBuildFile; fileRef = 0E2DB179256FED9100FC934C /* ViewController.swift */; };
		0E2DB17D256FED9100FC934C /* Main.storyboard in Resources */ = {isa = PBXBuildFile; fileRef = 0E2DB17B256FED9100FC934C /* Main.storyboard */; };
		0E2DB17F256FED9E00FC934C /* Assets.xcassets in Resources */ = {isa = PBXBuildFile; fileRef = 0E2DB17E256FED9E00FC934C /* Assets.xcassets */; };
		0E2DB182256FED9E00FC934C /* LaunchScreen.storyboard in Resources */ = {isa = PBXBuildFile; fileRef = 0E2DB180256FED9E00FC934C /* LaunchScreen.storyboard */; };
		0E2DB18B256FEF0500FC934C /* FacilitiesSectionHeaderCollectionReusableView.swift in Sources */ = {isa = PBXBuildFile; fileRef = 0E2DB18A256FEF0500FC934C /* FacilitiesSectionHeaderCollectionReusableView.swift */; };
		0E2DB18E256FEFAF00FC934C /* FscilitiesSectionHeaderCollectionReusableView.xib in Resources */ = {isa = PBXBuildFile; fileRef = 0E2DB18D256FEFAF00FC934C /* FscilitiesSectionHeaderCollectionReusableView.xib */; };
/* End PBXBuildFile section */

/* Begin PBXFileReference section */
		0E2DB172256FED9100FC934C /* ExpandableCollectionView.app */ = {isa = PBXFileReference; explicitFileType = wrapper.application; includeInIndex = 0; path = ExpandableCollectionView.app; sourceTree = BUILT_PRODUCTS_DIR; };
		0E2DB175256FED9100FC934C /* AppDelegate.swift */ = {isa = PBXFileReference; lastKnownFileType = sourcecode.swift; path = AppDelegate.swift; sourceTree = "<group>"; };
		0E2DB177256FED9100FC934C /* SceneDelegate.swift */ = {isa = PBXFileReference; lastKnownFileType = sourcecode.swift; path = SceneDelegate.swift; sourceTree = "<group>"; };
		0E2DB179256FED9100FC934C /* ViewController.swift */ = {isa = PBXFileReference; lastKnownFileType = sourcecode.swift; path = ViewController.swift; sourceTree = "<group>"; };
		0E2DB17C256FED9100FC934C /* Base */ = {isa = PBXFileReference; lastKnownFileType = file.storyboard; name = Base; path = Base.lproj/Main.storyboard; sourceTree = "<group>"; };
		0E2DB17E256FED9E00FC934C /* Assets.xcassets */ = {isa = PBXFileReference; lastKnownFileType = folder.assetcatalog; path = Assets.xcassets; sourceTree = "<group>"; };
		0E2DB181256FED9E00FC934C /* Base */ = {isa = PBXFileReference; lastKnownFileType = file.storyboard; name = Base; path = Base.lproj/LaunchScreen.storyboard; sourceTree = "<group>"; };
		0E2DB183256FED9E00FC934C /* Info.plist */ = {isa = PBXFileReference; lastKnownFileType = text.plist.xml; path = Info.plist; sourceTree = "<group>"; };
		0E2DB18A256FEF0500FC934C /* FacilitiesSectionHeaderCollectionReusableView.swift */ = {isa = PBXFileReference; lastKnownFileType = sourcecode.swift; path = FacilitiesSectionHeaderCollectionReusableView.swift; sourceTree = "<group>"; };
		0E2DB18D256FEFAF00FC934C /* FscilitiesSectionHeaderCollectionReusableView.xib */ = {isa = PBXFileReference; lastKnownFileType = file.xib; path = FscilitiesSectionHeaderCollectionReusableView.xib; sourceTree = "<group>"; };
/* End PBXFileReference section */

/* Begin PBXFrameworksBuildPhase section */
		0E2DB16F256FED9100FC934C /* Frameworks */ = {
			isa = PBXFrameworksBuildPhase;
			buildActionMask = 2147483647;
			files = (
			);
			runOnlyForDeploymentPostprocessing = 0;
		};
/* End PBXFrameworksBuildPhase section */

/* Begin PBXGroup section */
		0E2DB169256FED9000FC934C = {
			isa = PBXGroup;
			children = (
				0E2DB174256FED9100FC934C /* ExpandableCollectionView */,
				0E2DB173256FED9100FC934C /* Products */,
			);
			sourceTree = "<group>";
		};
		0E2DB173256FED9100FC934C /* Products */ = {
			isa = PBXGroup;
			children = (
				0E2DB172256FED9100FC934C /* ExpandableCollectionView.app */,
			);
			name = Products;
			sourceTree = "<group>";
		};
		0E2DB174256FED9100FC934C /* ExpandableCollectionView */ = {
			isa = PBXGroup;
			children = (
				0E2DB175256FED9100FC934C /* AppDelegate.swift */,
				0E2DB177256FED9100FC934C /* SceneDelegate.swift */,
				0E2DB179256FED9100FC934C /* ViewController.swift */,
				0E2DB17B256FED9100FC934C /* Main.storyboard */,
				0E2DB17E256FED9E00FC934C /* Assets.xcassets */,
				0E2DB180256FED9E00FC934C /* LaunchScreen.storyboard */,
				0E2DB183256FED9E00FC934C /* Info.plist */,
				0E2DB18A256FEF0500FC934C /* FacilitiesSectionHeaderCollectionReusableView.swift */,
				0E2DB18D256FEFAF00FC934C /* FscilitiesSectionHeaderCollectionReusableView.xib */,
			);
			path = ExpandableCollectionView;
			sourceTree = "<group>";
		};
/* End PBXGroup section */

/* Begin PBXNativeTarget section */
		0E2DB171256FED9100FC934C /* ExpandableCollectionView */ = {
			isa = PBXNativeTarget;
			buildConfigurationList = 0E2DB186256FED9E00FC934C /* Build configuration list for PBXNativeTarget "ExpandableCollectionView" */;
			buildPhases = (
				0E2DB16E256FED9100FC934C /* Sources */,
				0E2DB16F256FED9100FC934C /* Frameworks */,
				0E2DB170256FED9100FC934C /* Resources */,
			);
			buildRules = (
			);
			dependencies = (
			);
			name = ExpandableCollectionView;
			productName = ExpandableCollectionView;
			productReference = 0E2DB172256FED9100FC934C /* ExpandableCollectionView.app */;
			productType = "com.apple.product-type.application";
		};
/* End PBXNativeTarget section */

/* Begin PBXProject section */
		0E2DB16A256FED9000FC934C /* Project object */ = {
			isa = PBXProject;
			attributes = {
				LastSwiftUpdateCheck = 1220;
				LastUpgradeCheck = 1220;
				TargetAttributes = {
					0E2DB171256FED9100FC934C = {
						CreatedOnToolsVersion = 12.2;
					};
				};
			};
			buildConfigurationList = 0E2DB16D256FED9000FC934C /* Build configuration list for PBXProject "ExpandableCollectionView" */;
			compatibilityVersion = "Xcode 9.3";
			developmentRegion = en;
			hasScannedForEncodings = 0;
			knownRegions = (
				en,
				Base,
			);
			mainGroup = 0E2DB169256FED9000FC934C;
			productRefGroup = 0E2DB173256FED9100FC934C /* Products */;
			projectDirPath = "";
			projectRoot = "";
			targets = (
				0E2DB171256FED9100FC934C /* ExpandableCollectionView */,
			);
		};
/* End PBXProject section */

/* Begin PBXResourcesBuildPhase section */
		0E2DB170256FED9100FC934C /* Resources */ = {
			isa = PBXResourcesBuildPhase;
			buildActionMask = 2147483647;
			files = (
				0E2DB182256FED9E00FC934C /* LaunchScreen.storyboard in Resources */,
				0E2DB18E256FEFAF00FC934C /* FscilitiesSectionHeaderCollectionReusableView.xib in Resources */,
				0E2DB17F256FED9E00FC934C /* Assets.xcassets in Resources */,
				0E2DB17D256FED9100FC934C /* Main.storyboard in Resources */,
			);
			runOnlyForDeploymentPostprocessing = 0;
		};
/* End PBXResourcesBuildPhase section */

/* Begin PBXSourcesBuildPhase section */
		0E2DB16E256FED9100FC934C /* Sources */ = {
			isa = PBXSourcesBuildPhase;
			buildActionMask = 2147483647;
			files = (
				0E2DB17A256FED9100FC934C /* ViewController.swift in Sources */,
				0E2DB176256FED9100FC934C /* AppDelegate.swift in Sources */,
				0E2DB178256FED9100FC934C /* SceneDelegate.swift in Sources */,
				0E2DB18B256FEF0500FC934C /* FacilitiesSectionHeaderCollectionReusableView.swift in Sources */,
			);
			runOnlyForDeploymentPostprocessing = 0;
		};
/* End PBXSourcesBuildPhase section */

/* Begin PBXVariantGroup section */
		0E2DB17B256FED9100FC934C /* Main.storyboard */ = {
			isa = PBXVariantGroup;
			children = (
				0E2DB17C256FED9100FC934C /* Base */,
			);
			name = Main.storyboard;
			sourceTree = "<group>";
		};
		0E2DB180256FED9E00FC934C /* LaunchScreen.storyboard */ = {
			isa = PBXVariantGroup;
			children = (
				0E2DB181256FED9E00FC934C /* Base */,
			);
			name = LaunchScreen.storyboard;
			sourceTree = "<group>";
		};
/* End PBXVariantGroup section */

/* Begin XCBuildConfiguration section */
		0E2DB184256FED9E00FC934C /* Debug */ = {
			isa = XCBuildConfiguration;
			buildSettings = {
				ALWAYS_SEARCH_USER_PATHS = NO;
				CLANG_ANALYZER_NONNULL = YES;
				CLANG_ANALYZER_NUMBER_OBJECT_CONVERSION = YES_AGGRESSIVE;
				CLANG_CXX_LANGUAGE_STANDARD = "gnu++14";
				CLANG_CXX_LIBRARY = "libc++";
				CLANG_ENABLE_MODULES = YES;
				CLANG_ENABLE_OBJC_ARC = YES;
				CLANG_ENABLE_OBJC_WEAK = YES;
				CLANG_WARN_BLOCK_CAPTURE_AUTORELEASING = YES;
				CLANG_WARN_BOOL_CONVERSION = YES;
				CLANG_WARN_COMMA = YES;
				CLANG_WARN_CONSTANT_CONVERSION = YES;
				CLANG_WARN_DEPRECATED_OBJC_IMPLEMENTATIONS = YES;
				CLANG_WARN_DIRECT_OBJC_ISA_USAGE = YES_ERROR;
				CLANG_WARN_DOCUMENTATION_COMMENTS = YES;
				CLANG_WARN_EMPTY_BODY = YES;
				CLANG_WARN_ENUM_CONVERSION = YES;
				CLANG_WARN_INFINITE_RECURSION = YES;
				CLANG_WARN_INT_CONVERSION = YES;
				CLANG_WARN_NON_LITERAL_NULL_CONVERSION = YES;
				CLANG_WARN_OBJC_IMPLICIT_RETAIN_SELF = YES;
				CLANG_WARN_OBJC_LITERAL_CONVERSION = YES;
				CLANG_WARN_OBJC_ROOT_CLASS = YES_ERROR;
				CLANG_WARN_QUOTED_INCLUDE_IN_FRAMEWORK_HEADER = YES;
				CLANG_WARN_RANGE_LOOP_ANALYSIS = YES;
				CLANG_WARN_STRICT_PROTOTYPES = YES;
				CLANG_WARN_SUSPICIOUS_MOVE = YES;
				CLANG_WARN_UNGUARDED_AVAILABILITY = YES_AGGRESSIVE;
				CLANG_WARN_UNREACHABLE_CODE = YES;
				CLANG_WARN__DUPLICATE_METHOD_MATCH = YES;
				COPY_PHASE_STRIP = NO;
				DEBUG_INFORMATION_FORMAT = dwarf;
				ENABLE_STRICT_OBJC_MSGSEND = YES;
				ENABLE_TESTABILITY = YES;
				GCC_C_LANGUAGE_STANDARD = gnu11;
				GCC_DYNAMIC_NO_PIC = NO;
				GCC_NO_COMMON_BLOCKS = YES;
				GCC_OPTIMIZATION_LEVEL = 0;
				GCC_PREPROCESSOR_DEFINITIONS = (
					"DEBUG=1",
					"$(inherited)",
				);
				GCC_WARN_64_TO_32_BIT_CONVERSION = YES;
				GCC_WARN_ABOUT_RETURN_TYPE = YES_ERROR;
				GCC_WARN_UNDECLARED_SELECTOR = YES;
				GCC_WARN_UNINITIALIZED_AUTOS = YES_AGGRESSIVE;
				GCC_WARN_UNUSED_FUNCTION = YES;
				GCC_WARN_UNUSED_VARIABLE = YES;
				IPHONEOS_DEPLOYMENT_TARGET = 14.2;
				MTL_ENABLE_DEBUG_INFO = INCLUDE_SOURCE;
				MTL_FAST_MATH = YES;
				ONLY_ACTIVE_ARCH = YES;
				SDKROOT = iphoneos;
				SWIFT_ACTIVE_COMPILATION_CONDITIONS = DEBUG;
				SWIFT_OPTIMIZATION_LEVEL = "-Onone";
			};
			name = Debug;
		};
		0E2DB185256FED9E00FC934C /* Release */ = {
			isa = XCBuildConfiguration;
			buildSettings = {
				ALWAYS_SEARCH_USER_PATHS = NO;
				CLANG_ANALYZER_NONNULL = YES;
				CLANG_ANALYZER_NUMBER_OBJECT_CONVERSION = YES_AGGRESSIVE;
				CLANG_CXX_LANGUAGE_STANDARD = "gnu++14";
				CLANG_CXX_LIBRARY = "libc++";
				CLANG_ENABLE_MODULES = YES;
				CLANG_ENABLE_OBJC_ARC = YES;
				CLANG_ENABLE_OBJC_WEAK = YES;
				CLANG_WARN_BLOCK_CAPTURE_AUTORELEASING = YES;
				CLANG_WARN_BOOL_CONVERSION = YES;
				CLANG_WARN_COMMA = YES;
				CLANG_WARN_CONSTANT_CONVERSION = YES;
				CLANG_WARN_DEPRECATED_OBJC_IMPLEMENTATIONS = YES;
				CLANG_WARN_DIRECT_OBJC_ISA_USAGE = YES_ERROR;
				CLANG_WARN_DOCUMENTATION_COMMENTS = YES;
				CLANG_WARN_EMPTY_BODY = YES;
				CLANG_WARN_ENUM_CONVERSION = YES;
				CLANG_WARN_INFINITE_RECURSION = YES;
				CLANG_WARN_INT_CONVERSION = YES;
				CLANG_WARN_NON_LITERAL_NULL_CONVERSION = YES;
				CLANG_WARN_OBJC_IMPLICIT_RETAIN_SELF = YES;
				CLANG_WARN_OBJC_LITERAL_CONVERSION = YES;
				CLANG_WARN_OBJC_ROOT_CLASS = YES_ERROR;
				CLANG_WARN_QUOTED_INCLUDE_IN_FRAMEWORK_HEADER = YES;
				CLANG_WARN_RANGE_LOOP_ANALYSIS = YES;
				CLANG_WARN_STRICT_PROTOTYPES = YES;
				CLANG_WARN_SUSPICIOUS_MOVE = YES;
				CLANG_WARN_UNGUARDED_AVAILABILITY = YES_AGGRESSIVE;
				CLANG_WARN_UNREACHABLE_CODE = YES;
				CLANG_WARN__DUPLICATE_METHOD_MATCH = YES;
				COPY_PHASE_STRIP = NO;
				DEBUG_INFORMATION_FORMAT = "dwarf-with-dsym";
				ENABLE_NS_ASSERTIONS = NO;
				ENABLE_STRICT_OBJC_MSGSEND = YES;
				GCC_C_LANGUAGE_STANDARD = gnu11;
				GCC_NO_COMMON_BLOCKS = YES;
				GCC_WARN_64_TO_32_BIT_CONVERSION = YES;
				GCC_WARN_ABOUT_RETURN_TYPE = YES_ERROR;
				GCC_WARN_UNDECLARED_SELECTOR = YES;
				GCC_WARN_UNINITIALIZED_AUTOS = YES_AGGRESSIVE;
				GCC_WARN_UNUSED_FUNCTION = YES;
				GCC_WARN_UNUSED_VARIABLE = YES;
				IPHONEOS_DEPLOYMENT_TARGET = 14.2;
				MTL_ENABLE_DEBUG_INFO = NO;
				MTL_FAST_MATH = YES;
				SDKROOT = iphoneos;
				SWIFT_COMPILATION_MODE = wholemodule;
				SWIFT_OPTIMIZATION_LEVEL = "-O";
				VALIDATE_PRODUCT = YES;
			};
			name = Release;
		};
		0E2DB187256FED9E00FC934C /* Debug */ = {
			isa = XCBuildConfiguration;
			buildSettings = {
				ASSETCATALOG_COMPILER_APPICON_NAME = AppIcon;
				ASSETCATALOG_COMPILER_GLOBAL_ACCENT_COLOR_NAME = AccentColor;
				CODE_SIGN_STYLE = Automatic;
				DEVELOPMENT_TEAM = 52T6VV3859;
				INFOPLIST_FILE = ExpandableCollectionView/Info.plist;
				LD_RUNPATH_SEARCH_PATHS = (
					"$(inherited)",
					"@executable_path/Frameworks",
				);
				PRODUCT_BUNDLE_IDENTIFIER = com.deutschekapital.ExpandableCollectionView;
				PRODUCT_NAME = "$(TARGET_NAME)";
				SWIFT_VERSION = 5.0;
				TARGETED_DEVICE_FAMILY = "1,2";
			};
			name = Debug;
		};
		0E2DB188256FED9E00FC934C /* Release */ = {
			isa = XCBuildConfiguration;
			buildSettings = {
				ASSETCATALOG_COMPILER_APPICON_NAME = AppIcon;
				ASSETCATALOG_COMPILER_GLOBAL_ACCENT_COLOR_NAME = AccentColor;
				CODE_SIGN_STYLE = Automatic;
				DEVELOPMENT_TEAM = 52T6VV3859;
				INFOPLIST_FILE = ExpandableCollectionView/Info.plist;
				LD_RUNPATH_SEARCH_PATHS = (
					"$(inherited)",
					"@executable_path/Frameworks",
				);
				PRODUCT_BUNDLE_IDENTIFIER = com.deutschekapital.ExpandableCollectionView;
				PRODUCT_NAME = "$(TARGET_NAME)";
				SWIFT_VERSION = 5.0;
				TARGETED_DEVICE_FAMILY = "1,2";
			};
			name = Release;
		};
/* End XCBuildConfiguration section */

/* Begin XCConfigurationList section */
		0E2DB16D256FED9000FC934C /* Build configuration list for PBXProject "ExpandableCollectionView" */ = {
			isa = XCConfigurationList;
			buildConfigurations = (
				0E2DB184256FED9E00FC934C /* Debug */,
				0E2DB185256FED9E00FC934C /* Release */,
			);
			defaultConfigurationIsVisible = 0;
			defaultConfigurationName = Release;
		};
		0E2DB186256FED9E00FC934C /* Build configuration list for PBXNativeTarget "ExpandableCollectionView" */ = {
			isa = XCConfigurationList;
			buildConfigurations = (
				0E2DB187256FED9E00FC934C /* Debug */,
				0E2DB188256FED9E00FC934C /* Release */,
			);
			defaultConfigurationIsVisible = 0;
			defaultConfigurationName = Release;
		};
/* End XCConfigurationList section */
	};
	rootObject = 0E2DB16A256FED9000FC934C /* Project object */;
}
